
Microsoft Visual Studio Solution File, Format Version 12.00
# Visual Studio Version 16
VisualStudioVersion = 16.0.31424.327
MinimumVisualStudioVersion = 10.0.40219.1
Project("{FAE04EC0-301F-11D3-BF4B-00C04F79EFBC}") = "Windows 11 Compatibility Checker WPF", "Windows 11 Compatibility Checker WPF.csproj", "{CAFC93B2-B38F-4792-AE86-DDB815B20903}"
EndProject
Global
	GlobalSection(SolutionConfigurationPlatforms) = preSolution
		Debug|Any CPU = Debug|Any CPU
		Release|Any CPU = Release|Any CPU
	EndGlobalSection
	GlobalSection(ProjectConfigurationPlatforms) = postSolution
		{CAFC93B2-B38F-4792-AE86-DDB815B20903}.Debug|Any CPU.ActiveCfg = Debug|Any CPU
		{CAFC93B2-B38F-4792-AE86-DDB815B20903}.Debug|Any CPU.Build.0 = Debug|Any CPU
		{CAFC93B2-B38F-4792-AE86-DDB815B20903}.Release|Any CPU.ActiveCfg = Release|Any CPU
		{CAFC93B2-B38F-4792-AE86-DDB815B20903}.Release|Any CPU.Build.0 = Release|Any CPU
	EndGlobalSection
	GlobalSection(SolutionProperties) = preSolution
		HideSolutionNode = FALSE
	EndGlobalSection
	GlobalSection(ExtensibilityGlobals) = postSolution
		SolutionGuid = {632F651B-797D-414A-AAD5-02355A000675}
	EndGlobalSection
EndGlobal
